
Microsoft Visual Studio Solution File, Format Version 12.00
# Visual Studio 15
VisualStudioVersion = 15.0.28307.136
MinimumVisualStudioVersion = 10.0.40219.1
Project("{FAE04EC0-301F-11D3-BF4B-00C04F79EFBC}") = "ChannelAdvisorFeedSender", "ChannelAdvisorFeedSender\ChannelAdvisorFeedSender.csproj", "{AB609ABF-E083-4314-B740-F6B59FB4C68E}"
EndProject
Global
	GlobalSection(SolutionConfigurationPlatforms) = preSolution
		Debug|Any CPU = Debug|Any CPU
		Release|Any CPU = Release|Any CPU
	EndGlobalSection
	GlobalSection(ProjectConfigurationPlatforms) = postSolution
		{AB609ABF-E083-4314-B740-F6B59FB4C68E}.Debug|Any CPU.ActiveCfg = Debug|Any CPU
		{AB609ABF-E083-4314-B740-F6B59FB4C68E}.Debug|Any CPU.Build.0 = Debug|Any CPU
		{AB609ABF-E083-4314-B740-F6B59FB4C68E}.Release|Any CPU.ActiveCfg = Release|Any CPU
		{AB609ABF-E083-4314-B740-F6B59FB4C68E}.Release|Any CPU.Build.0 = Release|Any CPU
	EndGlobalSection
	GlobalSection(SolutionProperties) = preSolution
		HideSolutionNode = FALSE
	EndGlobalSection
	GlobalSection(ExtensibilityGlobals) = postSolution
		SolutionGuid = {4C996280-C6E6-42CD-99B8-ABD01751D891}
	EndGlobalSection
EndGlobal
